dependencies:
- name: argo-cd
  repository: https://argoproj.github.io/argo-helm
  version: 9.1.0
- name: redis
  repository: oci://registry1.dso.mil/bigbang/maintained
  version: 23.1.1-bb.0
- name: gluon
  repository: oci://registry1.dso.mil/bigbang
  version: 0.9.6
- name: argocd-apps
  repository: https://argoproj.github.io/argo-helm/
  version: 2.0.2
digest: sha256:a57aaad9331b3f5d500cb2be4e1cc66133d6a79ca443cc83159696260e4b53bd
generated: "2025-11-05T07:42:24.930021389Z"
